// !$*UTF8*$!
{
	archiveVersion = 1;
	classes = {
	};
	objectVersion = 56;
	objects = {

/* Begin PBXBuildFile section */
		D82C189129541BFB004CF692 /* ChatWithAIApp.swift in Sources */ = {isa = PBXBuildFile; fileRef = D82C189029541BFB004CF692 /* ChatWithAIApp.swift */; };
		D82C189329541BFB004CF692 /* ContentView.swift in Sources */ = {isa = PBXBuildFile; fileRef = D82C189229541BFB004CF692 /* ContentView.swift */; };
		D82C189529541BFC004CF692 /* Assets.xcassets in Resources */ = {isa = PBXBuildFile; fileRef = D82C189429541BFC004CF692 /* Assets.xcassets */; };
		D82C189829541BFC004CF692 /* Preview Assets.xcassets in Resources */ = {isa = PBXBuildFile; fileRef = D82C189729541BFC004CF692 /* Preview Assets.xcassets */; };
		D82C18A029541C86004CF692 /* OpenAISwift in Frameworks */ = {isa = PBXBuildFile; productRef = D82C189F29541C86004CF692 /* OpenAISwift */; };
		D82C18A229541C97004CF692 /* ViewModel.swift in Sources */ = {isa = PBXBuildFile; fileRef = D82C18A129541C97004CF692 /* ViewModel.swift */; };
		D82C18AD295445A4004CF692 /* Extensions.swift in Sources */ = {isa = PBXBuildFile; fileRef = D82C18AC295445A4004CF692 /* Extensions.swift */; };
		D82C18AF29547D55004CF692 /* ActivityIndicator.swift in Sources */ = {isa = PBXBuildFile; fileRef = D82C18AE29547D55004CF692 /* ActivityIndicator.swift */; };
		D82C18B42954C076004CF692 /* Localizable.strings in Resources */ = {isa = PBXBuildFile; fileRef = D82C18B62954C076004CF692 /* Localizable.strings */; };
		D82C18BA2954C3FD004CF692 /* ChatWithAI-InfoPlist.strings in Resources */ = {isa = PBXBuildFile; fileRef = D82C18B82954C3FD004CF692 /* ChatWithAI-InfoPlist.strings */; };
		D82C18BC2954C672004CF692 /* MessageView.swift in Sources */ = {isa = PBXBuildFile; fileRef = D82C18BB2954C672004CF692 /* MessageView.swift */; };
		D846F1312954DCE300AA429F /* Configuration.swift in Sources */ = {isa = PBXBuildFile; fileRef = D846F1302954DCE300AA429F /* Configuration.swift */; };
		D846F1342954DF7C00AA429F /* SplashView.swift in Sources */ = {isa = PBXBuildFile; fileRef = D846F1332954DF7C00AA429F /* SplashView.swift */; };
/* End PBXBuildFile section */

/* Begin PBXFileReference section */
		D82C188D29541BFB004CF692 /* ChatWithAI.app */ = {isa = PBXFileReference; explicitFileType = wrapper.application; includeInIndex = 0; path = ChatWithAI.app; sourceTree = BUILT_PRODUCTS_DIR; };
		D82C189029541BFB004CF692 /* ChatWithAIApp.swift */ = {isa = PBXFileReference; lastKnownFileType = sourcecode.swift; path = ChatWithAIApp.swift; sourceTree = "<group>"; };
		D82C189229541BFB004CF692 /* ContentView.swift */ = {isa = PBXFileReference; lastKnownFileType = sourcecode.swift; path = ContentView.swift; sourceTree = "<group>"; };
		D82C189429541BFC004CF692 /* Assets.xcassets */ = {isa = PBXFileReference; lastKnownFileType = folder.assetcatalog; path = Assets.xcassets; sourceTree = "<group>"; };
		D82C189729541BFC004CF692 /* Preview Assets.xcassets */ = {isa = PBXFileReference; lastKnownFileType = folder.assetcatalog; path = "Preview Assets.xcassets"; sourceTree = "<group>"; };
		D82C18A129541C97004CF692 /* ViewModel.swift */ = {isa = PBXFileReference; lastKnownFileType = sourcecode.swift; path = ViewModel.swift; sourceTree = "<group>"; };
		D82C18AC295445A4004CF692 /* Extensions.swift */ = {isa = PBXFileReference; lastKnownFileType = sourcecode.swift; path = Extensions.swift; sourceTree = "<group>"; };
		D82C18AE29547D55004CF692 /* ActivityIndicator.swift */ = {isa = PBXFileReference; lastKnownFileType = sourcecode.swift; path = ActivityIndicator.swift; sourceTree = "<group>"; };
		D82C18B52954C076004CF692 /* en */ = {isa = PBXFileReference; lastKnownFileType = text.plist.strings; name = en; path = en.lproj/Localizable.strings; sourceTree = "<group>"; };
		D82C18B72954C32E004CF692 /* tr */ = {isa = PBXFileReference; lastKnownFileType = text.plist.strings; name = tr; path = tr.lproj/Localizable.strings; sourceTree = "<group>"; };
		D82C18B92954C3FD004CF692 /* tr */ = {isa = PBXFileReference; lastKnownFileType = text.plist.strings; name = tr; path = "tr.lproj/ChatWithAI-InfoPlist.strings"; sourceTree = "<group>"; };
		D82C18BB2954C672004CF692 /* MessageView.swift */ = {isa = PBXFileReference; lastKnownFileType = sourcecode.swift; path = MessageView.swift; sourceTree = "<group>"; };
		D846F12F2954D7C600AA429F /* Config.xcconfig */ = {isa = PBXFileReference; lastKnownFileType = text.xcconfig; path = Config.xcconfig; sourceTree = "<group>"; };
		D846F1302954DCE300AA429F /* Configuration.swift */ = {isa = PBXFileReference; lastKnownFileType = sourcecode.swift; path = Configuration.swift; sourceTree = "<group>"; };
		D846F1322954DEEC00AA429F /* Info.plist */ = {isa = PBXFileReference; lastKnownFileType = text.plist; path = Info.plist; sourceTree = "<group>"; };
		D846F1332954DF7C00AA429F /* SplashView.swift */ = {isa = PBXFileReference; lastKnownFileType = sourcecode.swift; path = SplashView.swift; sourceTree = "<group>"; };
/* End PBXFileReference section */

/* Begin PBXFrameworksBuildPhase section */
		D82C188A29541BFB004CF692 /* Frameworks */ = {
			isa = PBXFrameworksBuildPhase;
			buildActionMask = 2147483647;
			files = (
				D82C18A029541C86004CF692 /* OpenAISwift in Frameworks */,
			);
			runOnlyForDeploymentPostprocessing = 0;
		};
/* End PBXFrameworksBuildPhase section */

/* Begin PBXGroup section */
		D82C188429541BFB004CF692 = {
			isa = PBXGroup;
			children = (
				D82C18B82954C3FD004CF692 /* ChatWithAI-InfoPlist.strings */,
				D82C188F29541BFB004CF692 /* ChatWithAI */,
				D82C188E29541BFB004CF692 /* Products */,
			);
			sourceTree = "<group>";
		};
		D82C188E29541BFB004CF692 /* Products */ = {
			isa = PBXGroup;
			children = (
				D82C188D29541BFB004CF692 /* ChatWithAI.app */,
			);
			name = Products;
			sourceTree = "<group>";
		};
		D82C188F29541BFB004CF692 /* ChatWithAI */ = {
			isa = PBXGroup;
			children = (
				D846F1382956218800AA429F /* Helpers */,
				D846F1372956217200AA429F /* ViewModel */,
				D846F1362956214800AA429F /* Screens */,
				D846F1352956214000AA429F /* Views */,
				D846F12F2954D7C600AA429F /* Config.xcconfig */,
				D846F1322954DEEC00AA429F /* Info.plist */,
				D82C189029541BFB004CF692 /* ChatWithAIApp.swift */,
				D82C189429541BFC004CF692 /* Assets.xcassets */,
				D82C189629541BFC004CF692 /* Preview Content */,
				D82C18B62954C076004CF692 /* Localizable.strings */,
			);
			path = ChatWithAI;
			sourceTree = "<group>";
		};
		D82C189629541BFC004CF692 /* Preview Content */ = {
			isa = PBXGroup;
			children = (
				D82C189729541BFC004CF692 /* Preview Assets.xcassets */,
			);
			path = "Preview Content";
			sourceTree = "<group>";
		};
		D846F1352956214000AA429F /* Views */ = {
			isa = PBXGroup;
			children = (
				D82C18BB2954C672004CF692 /* MessageView.swift */,
				D82C18AE29547D55004CF692 /* ActivityIndicator.swift */,
			);
			path = Views;
			sourceTree = "<group>";
		};
		D846F1362956214800AA429F /* Screens */ = {
			isa = PBXGroup;
			children = (
				D82C189229541BFB004CF692 /* ContentView.swift */,
				D846F1332954DF7C00AA429F /* SplashView.swift */,
			);
			path = Screens;
			sourceTree = "<group>";
		};
		D846F1372956217200AA429F /* ViewModel */ = {
			isa = PBXGroup;
			children = (
				D82C18A129541C97004CF692 /* ViewModel.swift */,
			);
			path = ViewModel;
			sourceTree = "<group>";
		};
		D846F1382956218800AA429F /* Helpers */ = {
			isa = PBXGroup;
			children = (
				D846F1302954DCE300AA429F /* Configuration.swift */,
				D82C18AC295445A4004CF692 /* Extensions.swift */,
			);
			path = Helpers;
			sourceTree = "<group>";
		};
/* End PBXGroup section */

/* Begin PBXNativeTarget section */
		D82C188C29541BFB004CF692 /* ChatWithAI */ = {
			isa = PBXNativeTarget;
			buildConfigurationList = D82C189B29541BFC004CF692 /* Build configuration list for PBXNativeTarget "ChatWithAI" */;
			buildPhases = (
				D82C188929541BFB004CF692 /* Sources */,
				D82C188A29541BFB004CF692 /* Frameworks */,
				D82C188B29541BFB004CF692 /* Resources */,
			);
			buildRules = (
			);
			dependencies = (
			);
			name = ChatWithAI;
			packageProductDependencies = (
				D82C189F29541C86004CF692 /* OpenAISwift */,
			);
			productName = ChatWithAI;
			productReference = D82C188D29541BFB004CF692 /* ChatWithAI.app */;
			productType = "com.apple.product-type.application";
		};
/* End PBXNativeTarget section */

/* Begin PBXProject section */
		D82C188529541BFB004CF692 /* Project object */ = {
			isa = PBXProject;
			attributes = {
				BuildIndependentTargetsInParallel = 1;
				LastSwiftUpdateCheck = 1420;
				LastUpgradeCheck = 1420;
				TargetAttributes = {
					D82C188C29541BFB004CF692 = {
						CreatedOnToolsVersion = 14.2;
					};
				};
			};
			buildConfigurationList = D82C188829541BFB004CF692 /* Build configuration list for PBXProject "ChatWithAI" */;
			compatibilityVersion = "Xcode 14.0";
			developmentRegion = en;
			hasScannedForEncodings = 0;
			knownRegions = (
				en,
				Base,
				tr,
			);
			mainGroup = D82C188429541BFB004CF692;
			packageReferences = (
				D82C189E29541C86004CF692 /* XCRemoteSwiftPackageReference "OpenAISwift" */,
			);
			productRefGroup = D82C188E29541BFB004CF692 /* Products */;
			projectDirPath = "";
			projectRoot = "";
			targets = (
				D82C188C29541BFB004CF692 /* ChatWithAI */,
			);
		};
/* End PBXProject section */

/* Begin PBXResourcesBuildPhase section */
		D82C188B29541BFB004CF692 /* Resources */ = {
			isa = PBXResourcesBuildPhase;
			buildActionMask = 2147483647;
			files = (
				D82C189829541BFC004CF692 /* Preview Assets.xcassets in Resources */,
				D82C18B42954C076004CF692 /* Localizable.strings in Resources */,
				D82C189529541BFC004CF692 /* Assets.xcassets in Resources */,
				D82C18BA2954C3FD004CF692 /* ChatWithAI-InfoPlist.strings in Resources */,
			);
			runOnlyForDeploymentPostprocessing = 0;
		};
/* End PBXResourcesBuildPhase section */

/* Begin PBXSourcesBuildPhase section */
		D82C188929541BFB004CF692 /* Sources */ = {
			isa = PBXSourcesBuildPhase;
			buildActionMask = 2147483647;
			files = (
				D82C18BC2954C672004CF692 /* MessageView.swift in Sources */,
				D846F1342954DF7C00AA429F /* SplashView.swift in Sources */,
				D82C189329541BFB004CF692 /* ContentView.swift in Sources */,
				D846F1312954DCE300AA429F /* Configuration.swift in Sources */,
				D82C18AF29547D55004CF692 /* ActivityIndicator.swift in Sources */,
				D82C18A229541C97004CF692 /* ViewModel.swift in Sources */,
				D82C189129541BFB004CF692 /* ChatWithAIApp.swift in Sources */,
				D82C18AD295445A4004CF692 /* Extensions.swift in Sources */,
			);
			runOnlyForDeploymentPostprocessing = 0;
		};
/* End PBXSourcesBuildPhase section */

/* Begin PBXVariantGroup section */
		D82C18B62954C076004CF692 /* Localizable.strings */ = {
			isa = PBXVariantGroup;
			children = (
				D82C18B52954C076004CF692 /* en */,
				D82C18B72954C32E004CF692 /* tr */,
			);
			name = Localizable.strings;
			sourceTree = "<group>";
		};
		D82C18B82954C3FD004CF692 /* ChatWithAI-InfoPlist.strings */ = {
			isa = PBXVariantGroup;
			children = (
				D82C18B92954C3FD004CF692 /* tr */,
			);
			name = "ChatWithAI-InfoPlist.strings";
			path = ChatWithAI;
			sourceTree = "<group>";
		};
/* End PBXVariantGroup section */

/* Begin XCBuildConfiguration section */
		D82C189929541BFC004CF692 /* Debug */ = {
			isa = XCBuildConfiguration;
			baseConfigurationReference = D846F12F2954D7C600AA429F /* Config.xcconfig */;
			buildSettings = {
				ALWAYS_SEARCH_USER_PATHS = NO;
				CLANG_ANALYZER_NONNULL = YES;
				CLANG_ANALYZER_NUMBER_OBJECT_CONVERSION = YES_AGGRESSIVE;
				CLANG_CXX_LANGUAGE_STANDARD = "gnu++20";
				CLANG_ENABLE_MODULES = YES;
				CLANG_ENABLE_OBJC_ARC = YES;
				CLANG_ENABLE_OBJC_WEAK = YES;
				CLANG_WARN_BLOCK_CAPTURE_AUTORELEASING = YES;
				CLANG_WARN_BOOL_CONVERSION = YES;
				CLANG_WARN_COMMA = YES;
				CLANG_WARN_CONSTANT_CONVERSION = YES;
				CLANG_WARN_DEPRECATED_OBJC_IMPLEMENTATIONS = YES;
				CLANG_WARN_DIRECT_OBJC_ISA_USAGE = YES_ERROR;
				CLANG_WARN_DOCUMENTATION_COMMENTS = YES;
				CLANG_WARN_EMPTY_BODY = YES;
				CLANG_WARN_ENUM_CONVERSION = YES;
				CLANG_WARN_INFINITE_RECURSION = YES;
				CLANG_WARN_INT_CONVERSION = YES;
				CLANG_WARN_NON_LITERAL_NULL_CONVERSION = YES;
				CLANG_WARN_OBJC_IMPLICIT_RETAIN_SELF = YES;
				CLANG_WARN_OBJC_LITERAL_CONVERSION = YES;
				CLANG_WARN_OBJC_ROOT_CLASS = YES_ERROR;
				CLANG_WARN_QUOTED_INCLUDE_IN_FRAMEWORK_HEADER = YES;
				CLANG_WARN_RANGE_LOOP_ANALYSIS = YES;
				CLANG_WARN_STRICT_PROTOTYPES = YES;
				CLANG_WARN_SUSPICIOUS_MOVE = YES;
				CLANG_WARN_UNGUARDED_AVAILABILITY = YES_AGGRESSIVE;
				CLANG_WARN_UNREACHABLE_CODE = YES;
				CLANG_WARN__DUPLICATE_METHOD_MATCH = YES;
				COPY_PHASE_STRIP = NO;
				DEBUG_INFORMATION_FORMAT = dwarf;
				ENABLE_STRICT_OBJC_MSGSEND = YES;
				ENABLE_TESTABILITY = YES;
				GCC_C_LANGUAGE_STANDARD = gnu11;
				GCC_DYNAMIC_NO_PIC = NO;
				GCC_NO_COMMON_BLOCKS = YES;
				GCC_OPTIMIZATION_LEVEL = 0;
				GCC_PREPROCESSOR_DEFINITIONS = (
					"DEBUG=1",
					"$(inherited)",
				);
				GCC_WARN_64_TO_32_BIT_CONVERSION = YES;
				GCC_WARN_ABOUT_RETURN_TYPE = YES_ERROR;
				GCC_WARN_UNDECLARED_SELECTOR = YES;
				GCC_WARN_UNINITIALIZED_AUTOS = YES_AGGRESSIVE;
				GCC_WARN_UNUSED_FUNCTION = YES;
				GCC_WARN_UNUSED_VARIABLE = YES;
				IPHONEOS_DEPLOYMENT_TARGET = 14.0;
				MTL_ENABLE_DEBUG_INFO = INCLUDE_SOURCE;
				MTL_FAST_MATH = YES;
				ONLY_ACTIVE_ARCH = YES;
				SDKROOT = iphoneos;
				SWIFT_ACTIVE_COMPILATION_CONDITIONS = DEBUG;
				SWIFT_OPTIMIZATION_LEVEL = "-Onone";
			};
			name = Debug;
		};
		D82C189A29541BFC004CF692 /* Release */ = {
			isa = XCBuildConfiguration;
			baseConfigurationReference = D846F12F2954D7C600AA429F /* Config.xcconfig */;
			buildSettings = {
				ALWAYS_SEARCH_USER_PATHS = NO;
				CLANG_ANALYZER_NONNULL = YES;
				CLANG_ANALYZER_NUMBER_OBJECT_CONVERSION = YES_AGGRESSIVE;
				CLANG_CXX_LANGUAGE_STANDARD = "gnu++20";
				CLANG_ENABLE_MODULES = YES;
				CLANG_ENABLE_OBJC_ARC = YES;
				CLANG_ENABLE_OBJC_WEAK = YES;
				CLANG_WARN_BLOCK_CAPTURE_AUTORELEASING = YES;
				CLANG_WARN_BOOL_CONVERSION = YES;
				CLANG_WARN_COMMA = YES;
				CLANG_WARN_CONSTANT_CONVERSION = YES;
				CLANG_WARN_DEPRECATED_OBJC_IMPLEMENTATIONS = YES;
				CLANG_WARN_DIRECT_OBJC_ISA_USAGE = YES_ERROR;
				CLANG_WARN_DOCUMENTATION_COMMENTS = YES;
				CLANG_WARN_EMPTY_BODY = YES;
				CLANG_WARN_ENUM_CONVERSION = YES;
				CLANG_WARN_INFINITE_RECURSION = YES;
				CLANG_WARN_INT_CONVERSION = YES;
				CLANG_WARN_NON_LITERAL_NULL_CONVERSION = YES;
				CLANG_WARN_OBJC_IMPLICIT_RETAIN_SELF = YES;
				CLANG_WARN_OBJC_LITERAL_CONVERSION = YES;
				CLANG_WARN_OBJC_ROOT_CLASS = YES_ERROR;
				CLANG_WARN_QUOTED_INCLUDE_IN_FRAMEWORK_HEADER = YES;
				CLANG_WARN_RANGE_LOOP_ANALYSIS = YES;
				CLANG_WARN_STRICT_PROTOTYPES = YES;
				CLANG_WARN_SUSPICIOUS_MOVE = YES;
				CLANG_WARN_UNGUARDED_AVAILABILITY = YES_AGGRESSIVE;
				CLANG_WARN_UNREACHABLE_CODE = YES;
				CLANG_WARN__DUPLICATE_METHOD_MATCH = YES;
				COPY_PHASE_STRIP = NO;
				DEBUG_INFORMATION_FORMAT = "dwarf-with-dsym";
				ENABLE_NS_ASSERTIONS = NO;
				ENABLE_STRICT_OBJC_MSGSEND = YES;
				GCC_C_LANGUAGE_STANDARD = gnu11;
				GCC_NO_COMMON_BLOCKS = YES;
				GCC_WARN_64_TO_32_BIT_CONVERSION = YES;
				GCC_WARN_ABOUT_RETURN_TYPE = YES_ERROR;
				GCC_WARN_UNDECLARED_SELECTOR = YES;
				GCC_WARN_UNINITIALIZED_AUTOS = YES_AGGRESSIVE;
				GCC_WARN_UNUSED_FUNCTION = YES;
				GCC_WARN_UNUSED_VARIABLE = YES;
				IPHONEOS_DEPLOYMENT_TARGET = 14.0;
				MTL_ENABLE_DEBUG_INFO = NO;
				MTL_FAST_MATH = YES;
				SDKROOT = iphoneos;
				SWIFT_COMPILATION_MODE = wholemodule;
				SWIFT_OPTIMIZATION_LEVEL = "-O";
				VALIDATE_PRODUCT = YES;
			};
			name = Release;
		};
		D82C189C29541BFC004CF692 /* Debug */ = {
			isa = XCBuildConfiguration;
			buildSettings = {
				ASSETCATALOG_COMPILER_APPICON_NAME = AppIcon;
				ASSETCATALOG_COMPILER_GLOBAL_ACCENT_COLOR_NAME = AccentColor;
				CODE_SIGN_STYLE = Automatic;
				CURRENT_PROJECT_VERSION = 2;
				DEVELOPMENT_ASSET_PATHS = "\"ChatWithAI/Preview Content\"";
				DEVELOPMENT_TEAM = 6J6245LPWX;
				ENABLE_PREVIEWS = YES;
				GENERATE_INFOPLIST_FILE = YES;
				INFOPLIST_FILE = ChatWithAI/Info.plist;
				INFOPLIST_KEY_CFBundleDisplayName = ChatWithAI;
				INFOPLIST_KEY_LSApplicationCategoryType = "public.app-category.entertainment";
				INFOPLIST_KEY_NSMicrophoneUsageDescription = "Audio is recorded to transcribe the meeting. Audio recordings are discarded after transcription.";
				INFOPLIST_KEY_NSSpeechRecognitionUsageDescription = "You can view a text transcription of your meeting in the app.";
				INFOPLIST_KEY_UIApplicationSceneManifest_Generation = YES;
				INFOPLIST_KEY_UIApplicationSupportsIndirectInputEvents = YES;
				INFOPLIST_KEY_UILaunchScreen_Generation = YES;
				INFOPLIST_KEY_UISupportedInterfaceOrientations_iPhone = UIInterfaceOrientationPortrait;
				LD_RUNPATH_SEARCH_PATHS = (
					"$(inherited)",
					"@executable_path/Frameworks",
				);
				MARKETING_VERSION = 1.1;
				PRODUCT_BUNDLE_IDENTIFIER = com.egehankarakose.ChatWithAI;
				PRODUCT_NAME = "$(TARGET_NAME)";
				SUPPORTED_PLATFORMS = "iphoneos iphonesimulator";
				SUPPORTS_MACCATALYST = NO;
				SUPPORTS_MAC_DESIGNED_FOR_IPHONE_IPAD = NO;
				SWIFT_EMIT_LOC_STRINGS = YES;
				SWIFT_VERSION = 5.0;
				TARGETED_DEVICE_FAMILY = 1;
			};
			name = Debug;
		};
		D82C189D29541BFC004CF692 /* Release */ = {
			isa = XCBuildConfiguration;
			buildSettings = {
				ASSETCATALOG_COMPILER_APPICON_NAME = AppIcon;
				ASSETCATALOG_COMPILER_GLOBAL_ACCENT_COLOR_NAME = AccentColor;
				CODE_SIGN_STYLE = Automatic;
				CURRENT_PROJECT_VERSION = 2;
				DEVELOPMENT_ASSET_PATHS = "\"ChatWithAI/Preview Content\"";
				DEVELOPMENT_TEAM = 6J6245LPWX;
				ENABLE_PREVIEWS = YES;
				GENERATE_INFOPLIST_FILE = YES;
				INFOPLIST_FILE = ChatWithAI/Info.plist;
				INFOPLIST_KEY_CFBundleDisplayName = ChatWithAI;
				INFOPLIST_KEY_LSApplicationCategoryType = "public.app-category.entertainment";
				INFOPLIST_KEY_NSMicrophoneUsageDescription = "Audio is recorded to transcribe the meeting. Audio recordings are discarded after transcription.";
				INFOPLIST_KEY_NSSpeechRecognitionUsageDescription = "You can view a text transcription of your meeting in the app.";
				INFOPLIST_KEY_UIApplicationSceneManifest_Generation = YES;
				INFOPLIST_KEY_UIApplicationSupportsIndirectInputEvents = YES;
				INFOPLIST_KEY_UILaunchScreen_Generation = YES;
				INFOPLIST_KEY_UISupportedInterfaceOrientations_iPhone = UIInterfaceOrientationPortrait;
				LD_RUNPATH_SEARCH_PATHS = (
					"$(inherited)",
					"@executable_path/Frameworks",
				);
				MARKETING_VERSION = 1.1;
				PRODUCT_BUNDLE_IDENTIFIER = com.egehankarakose.ChatWithAI;
				PRODUCT_NAME = "$(TARGET_NAME)";
				SUPPORTED_PLATFORMS = "iphoneos iphonesimulator";
				SUPPORTS_MACCATALYST = NO;
				SUPPORTS_MAC_DESIGNED_FOR_IPHONE_IPAD = NO;
				SWIFT_EMIT_LOC_STRINGS = YES;
				SWIFT_VERSION = 5.0;
				TARGETED_DEVICE_FAMILY = 1;
			};
			name = Release;
		};
/* End XCBuildConfiguration section */

/* Begin XCConfigurationList section */
		D82C188829541BFB004CF692 /* Build configuration list for PBXProject "ChatWithAI" */ = {
			isa = XCConfigurationList;
			buildConfigurations = (
				D82C189929541BFC004CF692 /* Debug */,
				D82C189A29541BFC004CF692 /* Release */,
			);
			defaultConfigurationIsVisible = 0;
			defaultConfigurationName = Release;
		};
		D82C189B29541BFC004CF692 /* Build configuration list for PBXNativeTarget "ChatWithAI" */ = {
			isa = XCConfigurationList;
			buildConfigurations = (
				D82C189C29541BFC004CF692 /* Debug */,
				D82C189D29541BFC004CF692 /* Release */,
			);
			defaultConfigurationIsVisible = 0;
			defaultConfigurationName = Release;
		};
/* End XCConfigurationList section */

/* Begin XCRemoteSwiftPackageReference section */
		D82C189E29541C86004CF692 /* XCRemoteSwiftPackageReference "OpenAISwift" */ = {
			isa = XCRemoteSwiftPackageReference;
			repositoryURL = "https://github.com/adamrushy/OpenAISwift.git";
			requirement = {
				kind = upToNextMajorVersion;
				minimumVersion = 1.0.0;
			};
		};
/* End XCRemoteSwiftPackageReference section */

/* Begin XCSwiftPackageProductDependency section */
		D82C189F29541C86004CF692 /* OpenAISwift */ = {
			isa = XCSwiftPackageProductDependency;
			package = D82C189E29541C86004CF692 /* XCRemoteSwiftPackageReference "OpenAISwift" */;
			productName = OpenAISwift;
		};
/* End XCSwiftPackageProductDependency section */
	};
	rootObject = D82C188529541BFB004CF692 /* Project object */;
}
